<Solution>
    <Folder Name="/src/">
        <Project Path="src/Wrapster.Api/Wrapster.Api.csproj"/>
        <Project Path="src/Wrapster.Application/Wrapster.Application.csproj"/>
        <Project Path="src/Wrapster.Domain/Wrapster.Domain.csproj"/>
        <Project Path="src/Wrapster.Infrastructure/Wrapster.Infrastructure.csproj"/>
        <Project Path="src/Wrapster.Mailing/Wrapster.Mailing.csproj"/>
    </Folder>
    <Folder Name="/tests/">
        <Project Path="tests/Wrapster.Application.Tests/Wrapster.Application.Tests.csproj"/>
        <Project Path="tests/Wrapster.Domain.Tests/Wrapster.Domain.Tests.csproj"/>
        <Project Path="tests/Wrapster.IntegrationTests/Wrapster.IntegrationTests.csproj"/>
        <Project Path="tests/Wrapster.Mailing.Tests/Wrapster.Mailing.Tests.csproj"/>
    </Folder>
</Solution>
